{
  "name": "project-ex03",
  "version": "1.0.0",
  "lockfileVersion": 2,
  "requires": true,
  "packages": {
    "": {
      "name": "project-ex03",
      "version": "1.0.0",
      "license": "ISC",
      "dependencies": {
        "douzone-onion-math": "^1.0.0"
      }
    },
    "node_modules/douzone-onion-math": {
      "version": "1.0.0",
      "resolved": "https://registry.npmjs.org/douzone-onion-math/-/douzone-onion-math-1.0.0.tgz",
      "integrity": "sha512-7yhgICRx87hZr/BTLlJ1mfeZJz/883XBottmIkqJVof2F0nMBgns9wjhltfTm/UftoYaFQlADrdLO/Ie4T4SkA=="
    }
  },
  "dependencies": {
    "douzone-onion-math": {
      "version": "1.0.0",
      "resolved": "https://registry.npmjs.org/douzone-onion-math/-/douzone-onion-math-1.0.0.tgz",
      "integrity": "sha512-7yhgICRx87hZr/BTLlJ1mfeZJz/883XBottmIkqJVof2F0nMBgns9wjhltfTm/UftoYaFQlADrdLO/Ie4T4SkA=="
    }
  }
}
